
Microsoft Visual Studio Solution File, Format Version 12.00
# Visual Studio Version 16
VisualStudioVersion = 16.0.29001.49
MinimumVisualStudioVersion = 10.0.40219.1
Project("{FAE04EC0-301F-11D3-BF4B-00C04F79EFBC}") = "ButceApp.UWP", "ButceApp\ButceApp.UWP\ButceApp.UWP.csproj", "{D4542ADA-7AD3-4E4F-A969-A33076DC9F3B}"
EndProject
Project("{FAE04EC0-301F-11D3-BF4B-00C04F79EFBC}") = "ButceApp.Android", "ButceApp\ButceApp.Android\ButceApp.Android.csproj", "{BE794E44-3F17-4C40-9E02-9CC3AC88846A}"
EndProject
Project("{FAE04EC0-301F-11D3-BF4B-00C04F79EFBC}") = "ButceApp.iOS", "ButceApp\ButceApp.iOS\ButceApp.iOS.csproj", "{C64FD575-E5B4-4930-BF5E-B96FC98C23B0}"
EndProject
Project("{FAE04EC0-301F-11D3-BF4B-00C04F79EFBC}") = "ButceApp", "ButceApp\ButceApp\ButceApp.csproj", "{D9607E21-69E0-4DBE-ACF6-382B3149F659}"
EndProject
Global
	GlobalSection(SolutionConfigurationPlatforms) = preSolution
		Debug|Any CPU = Debug|Any CPU
		Debug|ARM = Debug|ARM
		Debug|iPhone = Debug|iPhone
		Debug|iPhoneSimulator = Debug|iPhoneSimulator
		Debug|x64 = Debug|x64
		Debug|x86 = Debug|x86
		Release|Any CPU = Release|Any CPU
		Release|ARM = Release|ARM
		Release|iPhone = Release|iPhone
		Release|iPhoneSimulator = Release|iPhoneSimulator
		Release|x64 = Release|x64
		Release|x86 = Release|x86
	EndGlobalSection
	GlobalSection(ProjectConfigurationPlatforms) = postSolution
		{D4542ADA-7AD3-4E4F-A969-A33076DC9F3B}.Debug|Any CPU.ActiveCfg = Debug|x86
		{D4542ADA-7AD3-4E4F-A969-A33076DC9F3B}.Debug|Any CPU.Build.0 = Debug|x86
		{D4542ADA-7AD3-4E4F-A969-A33076DC9F3B}.Debug|Any CPU.Deploy.0 = Debug|x86
		{D4542ADA-7AD3-4E4F-A969-A33076DC9F3B}.Debug|ARM.ActiveCfg = Debug|ARM
		{D4542ADA-7AD3-4E4F-A969-A33076DC9F3B}.Debug|ARM.Build.0 = Debug|ARM
		{D4542ADA-7AD3-4E4F-A969-A33076DC9F3B}.Debug|ARM.Deploy.0 = Debug|ARM
		{D4542ADA-7AD3-4E4F-A969-A33076DC9F3B}.Debug|iPhone.ActiveCfg = Debug|x86
		{D4542ADA-7AD3-4E4F-A969-A33076DC9F3B}.Debug|iPhone.Build.0 = Debug|x86
		{D4542ADA-7AD3-4E4F-A969-A33076DC9F3B}.Debug|iPhone.Deploy.0 = Debug|x86
		{D4542ADA-7AD3-4E4F-A969-A33076DC9F3B}.Debug|iPhoneSimulator.ActiveCfg = Debug|x86
		{D4542ADA-7AD3-4E4F-A969-A33076DC9F3B}.Debug|iPhoneSimulator.Build.0 = Debug|x86
		{D4542ADA-7AD3-4E4F-A969-A33076DC9F3B}.Debug|iPhoneSimulator.Deploy.0 = Debug|x86
		{D4542ADA-7AD3-4E4F-A969-A33076DC9F3B}.Debug|x64.ActiveCfg = Debug|x64
		{D4542ADA-7AD3-4E4F-A969-A33076DC9F3B}.Debug|x64.Build.0 = Debug|x64
		{D4542ADA-7AD3-4E4F-A969-A33076DC9F3B}.Debug|x64.Deploy.0 = Debug|x64
		{D4542ADA-7AD3-4E4F-A969-A33076DC9F3B}.Debug|x86.ActiveCfg = Debug|x86
		{D4542ADA-7AD3-4E4F-A969-A33076DC9F3B}.Debug|x86.Build.0 = Debug|x86
		{D4542ADA-7AD3-4E4F-A969-A33076DC9F3B}.Debug|x86.Deploy.0 = Debug|x86
		{D4542ADA-7AD3-4E4F-A969-A33076DC9F3B}.Release|Any CPU.ActiveCfg = Release|x86
		{D4542ADA-7AD3-4E4F-A969-A33076DC9F3B}.Release|Any CPU.Build.0 = Release|x86
		{D4542ADA-7AD3-4E4F-A969-A33076DC9F3B}.Release|Any CPU.Deploy.0 = Release|x86
		{D4542ADA-7AD3-4E4F-A969-A33076DC9F3B}.Release|ARM.ActiveCfg = Release|ARM
		{D4542ADA-7AD3-4E4F-A969-A33076DC9F3B}.Release|ARM.Build.0 = Release|ARM
		{D4542ADA-7AD3-4E4F-A969-A33076DC9F3B}.Release|ARM.Deploy.0 = Release|ARM
		{D4542ADA-7AD3-4E4F-A969-A33076DC9F3B}.Release|iPhone.ActiveCfg = Release|x86
		{D4542ADA-7AD3-4E4F-A969-A33076DC9F3B}.Release|iPhone.Build.0 = Release|x86
		{D4542ADA-7AD3-4E4F-A969-A33076DC9F3B}.Release|iPhone.Deploy.0 = Release|x86
		{D4542ADA-7AD3-4E4F-A969-A33076DC9F3B}.Release|iPhoneSimulator.ActiveCfg = Release|x86
		{D4542ADA-7AD3-4E4F-A969-A33076DC9F3B}.Release|iPhoneSimulator.Build.0 = Release|x86
		{D4542ADA-7AD3-4E4F-A969-A33076DC9F3B}.Release|iPhoneSimulator.Deploy.0 = Release|x86
		{D4542ADA-7AD3-4E4F-A969-A33076DC9F3B}.Release|x64.ActiveCfg = Release|x64
		{D4542ADA-7AD3-4E4F-A969-A33076DC9F3B}.Release|x64.Build.0 = Release|x64
		{D4542ADA-7AD3-4E4F-A969-A33076DC9F3B}.Release|x64.Deploy.0 = Release|x64
		{D4542ADA-7AD3-4E4F-A969-A33076DC9F3B}.Release|x86.ActiveCfg = Release|x86
		{D4542ADA-7AD3-4E4F-A969-A33076DC9F3B}.Release|x86.Build.0 = Release|x86
		{D4542ADA-7AD3-4E4F-A969-A33076DC9F3B}.Release|x86.Deploy.0 = Release|x86
		{BE794E44-3F17-4C40-9E02-9CC3AC88846A}.Debug|Any CPU.ActiveCfg = Debug|Any CPU
		{BE794E44-3F17-4C40-9E02-9CC3AC88846A}.Debug|Any CPU.Build.0 = Debug|Any CPU
		{BE794E44-3F17-4C40-9E02-9CC3AC88846A}.Debug|Any CPU.Deploy.0 = Debug|Any CPU
		{BE794E44-3F17-4C40-9E02-9CC3AC88846A}.Debug|ARM.ActiveCfg = Debug|Any CPU
		{BE794E44-3F17-4C40-9E02-9CC3AC88846A}.Debug|ARM.Build.0 = Debug|Any CPU
		{BE794E44-3F17-4C40-9E02-9CC3AC88846A}.Debug|ARM.Deploy.0 = Debug|Any CPU
		{BE794E44-3F17-4C40-9E02-9CC3AC88846A}.Debug|iPhone.ActiveCfg = Debug|Any CPU
		{BE794E44-3F17-4C40-9E02-9CC3AC88846A}.Debug|iPhone.Build.0 = Debug|Any CPU
		{BE794E44-3F17-4C40-9E02-9CC3AC88846A}.Debug|iPhone.Deploy.0 = Debug|Any CPU
		{BE794E44-3F17-4C40-9E02-9CC3AC88846A}.Debug|iPhoneSimulator.ActiveCfg = Debug|Any CPU
		{BE794E44-3F17-4C40-9E02-9CC3AC88846A}.Debug|iPhoneSimulator.Build.0 = Debug|Any CPU
		{BE794E44-3F17-4C40-9E02-9CC3AC88846A}.Debug|iPhoneSimulator.Deploy.0 = Debug|Any CPU
		{BE794E44-3F17-4C40-9E02-9CC3AC88846A}.Debug|x64.ActiveCfg = Debug|Any CPU
		{BE794E44-3F17-4C40-9E02-9CC3AC88846A}.Debug|x64.Build.0 = Debug|Any CPU
		{BE794E44-3F17-4C40-9E02-9CC3AC88846A}.Debug|x64.Deploy.0 = Debug|Any CPU
		{BE794E44-3F17-4C40-9E02-9CC3AC88846A}.Debug|x86.ActiveCfg = Debug|Any CPU
		{BE794E44-3F17-4C40-9E02-9CC3AC88846A}.Debug|x86.Build.0 = Debug|Any CPU
		{BE794E44-3F17-4C40-9E02-9CC3AC88846A}.Debug|x86.Deploy.0 = Debug|Any CPU
		{BE794E44-3F17-4C40-9E02-9CC3AC88846A}.Release|Any CPU.ActiveCfg = Release|Any CPU
		{BE794E44-3F17-4C40-9E02-9CC3AC88846A}.Release|Any CPU.Build.0 = Release|Any CPU
		{BE794E44-3F17-4C40-9E02-9CC3AC88846A}.Release|Any CPU.Deploy.0 = Release|Any CPU
		{BE794E44-3F17-4C40-9E02-9CC3AC88846A}.Release|ARM.ActiveCfg = Release|Any CPU
		{BE794E44-3F17-4C40-9E02-9CC3AC88846A}.Release|ARM.Build.0 = Release|Any CPU
		{BE794E44-3F17-4C40-9E02-9CC3AC88846A}.Release|ARM.Deploy.0 = Release|Any CPU
		{BE794E44-3F17-4C40-9E02-9CC3AC88846A}.Release|iPhone.ActiveCfg = Release|Any CPU
		{BE794E44-3F17-4C40-9E02-9CC3AC88846A}.Release|iPhone.Build.0 = Release|Any CPU
		{BE794E44-3F17-4C40-9E02-9CC3AC88846A}.Release|iPhone.Deploy.0 = Release|Any CPU
		{BE794E44-3F17-4C40-9E02-9CC3AC88846A}.Release|iPhoneSimulator.ActiveCfg = Release|Any CPU
		{BE794E44-3F17-4C40-9E02-9CC3AC88846A}.Release|iPhoneSimulator.Build.0 = Release|Any CPU
		{BE794E44-3F17-4C40-9E02-9CC3AC88846A}.Release|iPhoneSimulator.Deploy.0 = Release|Any CPU
		{BE794E44-3F17-4C40-9E02-9CC3AC88846A}.Release|x64.ActiveCfg = Release|Any CPU
		{BE794E44-3F17-4C40-9E02-9CC3AC88846A}.Release|x64.Build.0 = Release|Any CPU
		{BE794E44-3F17-4C40-9E02-9CC3AC88846A}.Release|x64.Deploy.0 = Release|Any CPU
		{BE794E44-3F17-4C40-9E02-9CC3AC88846A}.Release|x86.ActiveCfg = Release|Any CPU
		{BE794E44-3F17-4C40-9E02-9CC3AC88846A}.Release|x86.Build.0 = Release|Any CPU
		{BE794E44-3F17-4C40-9E02-9CC3AC88846A}.Release|x86.Deploy.0 = Release|Any CPU
		{C64FD575-E5B4-4930-BF5E-B96FC98C23B0}.Debug|Any CPU.ActiveCfg = Debug|iPhone
		{C64FD575-E5B4-4930-BF5E-B96FC98C23B0}.Debug|Any CPU.Build.0 = Debug|iPhone
		{C64FD575-E5B4-4930-BF5E-B96FC98C23B0}.Debug|Any CPU.Deploy.0 = Debug|iPhone
		{C64FD575-E5B4-4930-BF5E-B96FC98C23B0}.Debug|ARM.ActiveCfg = Debug|iPhoneSimulator
		{C64FD575-E5B4-4930-BF5E-B96FC98C23B0}.Debug|ARM.Build.0 = Debug|iPhoneSimulator
		{C64FD575-E5B4-4930-BF5E-B96FC98C23B0}.Debug|ARM.Deploy.0 = Debug|iPhoneSimulator
		{C64FD575-E5B4-4930-BF5E-B96FC98C23B0}.Debug|iPhone.ActiveCfg = Debug|iPhone
		{C64FD575-E5B4-4930-BF5E-B96FC98C23B0}.Debug|iPhone.Build.0 = Debug|iPhone
		{C64FD575-E5B4-4930-BF5E-B96FC98C23B0}.Debug|iPhone.Deploy.0 = Debug|iPhone
		{C64FD575-E5B4-4930-BF5E-B96FC98C23B0}.Debug|iPhoneSimulator.ActiveCfg = Debug|iPhoneSimulator
		{C64FD575-E5B4-4930-BF5E-B96FC98C23B0}.Debug|iPhoneSimulator.Build.0 = Debug|iPhoneSimulator
		{C64FD575-E5B4-4930-BF5E-B96FC98C23B0}.Debug|iPhoneSimulator.Deploy.0 = Debug|iPhoneSimulator
		{C64FD575-E5B4-4930-BF5E-B96FC98C23B0}.Debug|x64.ActiveCfg = Debug|iPhone
		{C64FD575-E5B4-4930-BF5E-B96FC98C23B0}.Debug|x64.Build.0 = Debug|iPhone
		{C64FD575-E5B4-4930-BF5E-B96FC98C23B0}.Debug|x64.Deploy.0 = Debug|iPhone
		{C64FD575-E5B4-4930-BF5E-B96FC98C23B0}.Debug|x86.ActiveCfg = Debug|iPhone
		{C64FD575-E5B4-4930-BF5E-B96FC98C23B0}.Debug|x86.Build.0 = Debug|iPhone
		{C64FD575-E5B4-4930-BF5E-B96FC98C23B0}.Debug|x86.Deploy.0 = Debug|iPhone
		{C64FD575-E5B4-4930-BF5E-B96FC98C23B0}.Release|Any CPU.ActiveCfg = Release|iPhone
		{C64FD575-E5B4-4930-BF5E-B96FC98C23B0}.Release|Any CPU.Build.0 = Release|iPhone
		{C64FD575-E5B4-4930-BF5E-B96FC98C23B0}.Release|Any CPU.Deploy.0 = Release|iPhone
		{C64FD575-E5B4-4930-BF5E-B96FC98C23B0}.Release|ARM.ActiveCfg = Release|iPhone
		{C64FD575-E5B4-4930-BF5E-B96FC98C23B0}.Release|ARM.Build.0 = Release|iPhone
		{C64FD575-E5B4-4930-BF5E-B96FC98C23B0}.Release|ARM.Deploy.0 = Release|iPhone
		{C64FD575-E5B4-4930-BF5E-B96FC98C23B0}.Release|iPhone.ActiveCfg = Release|iPhone
		{C64FD575-E5B4-4930-BF5E-B96FC98C23B0}.Release|iPhone.Build.0 = Release|iPhone
		{C64FD575-E5B4-4930-BF5E-B96FC98C23B0}.Release|iPhone.Deploy.0 = Release|iPhone
		{C64FD575-E5B4-4930-BF5E-B96FC98C23B0}.Release|iPhoneSimulator.ActiveCfg = Release|iPhoneSimulator
		{C64FD575-E5B4-4930-BF5E-B96FC98C23B0}.Release|iPhoneSimulator.Build.0 = Release|iPhoneSimulator
		{C64FD575-E5B4-4930-BF5E-B96FC98C23B0}.Release|iPhoneSimulator.Deploy.0 = Release|iPhoneSimulator
		{C64FD575-E5B4-4930-BF5E-B96FC98C23B0}.Release|x64.ActiveCfg = Release|iPhone
		{C64FD575-E5B4-4930-BF5E-B96FC98C23B0}.Release|x64.Build.0 = Release|iPhone
		{C64FD575-E5B4-4930-BF5E-B96FC98C23B0}.Release|x64.Deploy.0 = Release|iPhone
		{C64FD575-E5B4-4930-BF5E-B96FC98C23B0}.Release|x86.ActiveCfg = Release|iPhone
		{C64FD575-E5B4-4930-BF5E-B96FC98C23B0}.Release|x86.Build.0 = Release|iPhone
		{C64FD575-E5B4-4930-BF5E-B96FC98C23B0}.Release|x86.Deploy.0 = Release|iPhone
		{D9607E21-69E0-4DBE-ACF6-382B3149F659}.Debug|Any CPU.ActiveCfg = Debug|Any CPU
		{D9607E21-69E0-4DBE-ACF6-382B3149F659}.Debug|Any CPU.Build.0 = Debug|Any CPU
		{D9607E21-69E0-4DBE-ACF6-382B3149F659}.Debug|Any CPU.Deploy.0 = Debug|Any CPU
		{D9607E21-69E0-4DBE-ACF6-382B3149F659}.Debug|ARM.ActiveCfg = Debug|Any CPU
		{D9607E21-69E0-4DBE-ACF6-382B3149F659}.Debug|ARM.Build.0 = Debug|Any CPU
		{D9607E21-69E0-4DBE-ACF6-382B3149F659}.Debug|ARM.Deploy.0 = Debug|Any CPU
		{D9607E21-69E0-4DBE-ACF6-382B3149F659}.Debug|iPhone.ActiveCfg = Debug|Any CPU
		{D9607E21-69E0-4DBE-ACF6-382B3149F659}.Debug|iPhone.Build.0 = Debug|Any CPU
		{D9607E21-69E0-4DBE-ACF6-382B3149F659}.Debug|iPhone.Deploy.0 = Debug|Any CPU
		{D9607E21-69E0-4DBE-ACF6-382B3149F659}.Debug|iPhoneSimulator.ActiveCfg = Debug|Any CPU
		{D9607E21-69E0-4DBE-ACF6-382B3149F659}.Debug|iPhoneSimulator.Build.0 = Debug|Any CPU
		{D9607E21-69E0-4DBE-ACF6-382B3149F659}.Debug|iPhoneSimulator.Deploy.0 = Debug|Any CPU
		{D9607E21-69E0-4DBE-ACF6-382B3149F659}.Debug|x64.ActiveCfg = Debug|Any CPU
		{D9607E21-69E0-4DBE-ACF6-382B3149F659}.Debug|x64.Build.0 = Debug|Any CPU
		{D9607E21-69E0-4DBE-ACF6-382B3149F659}.Debug|x64.Deploy.0 = Debug|Any CPU
		{D9607E21-69E0-4DBE-ACF6-382B3149F659}.Debug|x86.ActiveCfg = Debug|Any CPU
		{D9607E21-69E0-4DBE-ACF6-382B3149F659}.Debug|x86.Build.0 = Debug|Any CPU
		{D9607E21-69E0-4DBE-ACF6-382B3149F659}.Debug|x86.Deploy.0 = Debug|Any CPU
		{D9607E21-69E0-4DBE-ACF6-382B3149F659}.Release|Any CPU.ActiveCfg = Release|Any CPU
		{D9607E21-69E0-4DBE-ACF6-382B3149F659}.Release|Any CPU.Build.0 = Release|Any CPU
		{D9607E21-69E0-4DBE-ACF6-382B3149F659}.Release|Any CPU.Deploy.0 = Release|Any CPU
		{D9607E21-69E0-4DBE-ACF6-382B3149F659}.Release|ARM.ActiveCfg = Release|Any CPU
		{D9607E21-69E0-4DBE-ACF6-382B3149F659}.Release|ARM.Build.0 = Release|Any CPU
		{D9607E21-69E0-4DBE-ACF6-382B3149F659}.Release|ARM.Deploy.0 = Release|Any CPU
		{D9607E21-69E0-4DBE-ACF6-382B3149F659}.Release|iPhone.ActiveCfg = Release|Any CPU
		{D9607E21-69E0-4DBE-ACF6-382B3149F659}.Release|iPhone.Build.0 = Release|Any CPU
		{D9607E21-69E0-4DBE-ACF6-382B3149F659}.Release|iPhone.Deploy.0 = Release|Any CPU
		{D9607E21-69E0-4DBE-ACF6-382B3149F659}.Release|iPhoneSimulator.ActiveCfg = Release|Any CPU
		{D9607E21-69E0-4DBE-ACF6-382B3149F659}.Release|iPhoneSimulator.Build.0 = Release|Any CPU
		{D9607E21-69E0-4DBE-ACF6-382B3149F659}.Release|iPhoneSimulator.Deploy.0 = Release|Any CPU
		{D9607E21-69E0-4DBE-ACF6-382B3149F659}.Release|x64.ActiveCfg = Release|Any CPU
		{D9607E21-69E0-4DBE-ACF6-382B3149F659}.Release|x64.Build.0 = Release|Any CPU
		{D9607E21-69E0-4DBE-ACF6-382B3149F659}.Release|x64.Deploy.0 = Release|Any CPU
		{D9607E21-69E0-4DBE-ACF6-382B3149F659}.Release|x86.ActiveCfg = Release|Any CPU
		{D9607E21-69E0-4DBE-ACF6-382B3149F659}.Release|x86.Build.0 = Release|Any CPU
		{D9607E21-69E0-4DBE-ACF6-382B3149F659}.Release|x86.Deploy.0 = Release|Any CPU
	EndGlobalSection
	GlobalSection(SolutionProperties) = preSolution
		HideSolutionNode = FALSE
	EndGlobalSection
	GlobalSection(ExtensibilityGlobals) = postSolution
		SolutionGuid = {465EC039-BD8D-4CEF-941F-A48D7DA08A1D}
	EndGlobalSection
EndGlobal
